# This file is autogenerated, do not edit; changes may be undone by the next 'dep ensure'.


[[projects]]
  name = "github.com/h2non/filetype"
  packages = ["."]
  revision = "cc14fdc9ca0e4c2bafad7458f6ff79fd3947cfbb"
  version = "v1.0.5"

[[projects]]
  branch = "master"
  name = "github.com/mitchellh/mapstructure"
  packages = ["."]
  revision = "00c29f56e2386353d58c599509e8dc3801b0d716"

[[projects]]
  name = "github.com/mozillazg/go-unidecode"
  packages = [
    ".",
    "table"
  ]
  revision = "7ab3c72180eeb79ccb8746137e14d6b0a60dd685"
  version = "v0.1.0"

[[projects]]
  name = "github.com/satori/go.uuid"
  packages = ["."]
  revision = "f58768cc1a7a7e77a3bd49e98cdd21419399b6a3"
  version = "v1.2.0"

[[projects]]
  branch = "master"
  name = "github.com/skip2/go-qrcode"
  packages = [
    ".",
    "bitset",
    "reedsolomon"
  ]
  revision = "cf5f9fa2f0d847edb8e038db7ed975e239095e1a"

[[projects]]
  name = "gopkg.in/h2non/filetype.v1"
  packages = [
    "matchers",
    "types"
  ]
  revision = "cc14fdc9ca0e4c2bafad7458f6ff79fd3947cfbb"
  version = "v1.0.5"

[[projects]]
  branch = "v2"
  name = "gopkg.in/sorcix/irc.v2"
  packages = [
    ".",
    "internal"
  ]
  revision = "1b25be7f891d1bd0190ac0ef159da153c9ffa22a"

[solve-meta]
  analyzer-name = "dep"
  analyzer-version = 1
  inputs-digest = "2888c68a9f096423289c116e23bbf61227cbe644067476a6d8313293ef37e829"
  solver-name = "gps-cdcl"
  solver-version = 1
