# This file is autogenerated, do not edit; changes may be undone by the next 'dep ensure'.


[[projects]]
  branch = "master"
  digest = "1:62a9ab7cd0f67d352d8850ef058f8cea182ac77bec4ffacfcbbe18d2d25b94f1"
  name = "github.com/chromedp/cdproto"
  packages = [
    ".",
    "accessibility",
    "animation",
    "applicationcache",
    "audits",
    "browser",
    "cachestorage",
    "cast",
    "cdp",
    "css",
    "database",
    "debugger",
    "deviceorientation",
    "dom",
    "domdebugger",
    "domsnapshot",
    "domstorage",
    "emulation",
    "fetch",
    "headlessexperimental",
    "heapprofiler",
    "indexeddb",
    "input",
    "inspector",
    "io",
    "layertree",
    "log",
    "memory",
    "network",
    "overlay",
    "page",
    "performance",
    "profiler",
    "runtime",
    "security",
    "serviceworker",
    "storage",
    "systeminfo",
    "target",
    "testing",
    "tethering",
    "tracing",
  ]
  pruneopts = "UT"
  revision = "9b7c4215ad231057bb970caf9a70dded7a03dd7d"

[[projects]]
  digest = "1:13e2ffaa15cf117544a44b046c0438063047ee1b963ef9312ce7758c27cdaebc"
  name = "github.com/chromedp/chromedp"
  packages = [
    ".",
    "client",
    "kb",
    "runner",
  ]
  pruneopts = "UT"
  revision = "34591780d9d429c470ccf81a2760c40245fc823a"
  version = "v0.1.2"

[[projects]]
  digest = "1:2694597a20d303502ad1b7f1cc688977c7dc34da732ccf4d27e98b552cceed5b"
  name = "github.com/disintegration/imaging"
  packages = ["."]
  pruneopts = "UT"
  revision = "0bd5694c78c9c3d9a3cd06a706a8f3c59296a9ac"
  version = "v1.5.0"

[[projects]]
  digest = "1:7b5c6e2eeaa9ae5907c391a91c132abfd5c9e8a784a341b5625e750c67e6825d"
  name = "github.com/gorilla/websocket"
  packages = ["."]
  pruneopts = "UT"
  revision = "66b9c49e59c6c48f0ffce28c2d8b8a5678502c6d"
  version = "v1.4.0"

[[projects]]
  digest = "1:1dafdfd6b2d1103e1ef5c1c1255f395f3ceaceca327d3640d0f06039448bf85c"
  name = "github.com/h2non/filetype"
  packages = ["."]
  pruneopts = "UT"
  revision = "cc14fdc9ca0e4c2bafad7458f6ff79fd3947cfbb"
  version = "v1.0.5"

[[projects]]
  branch = "master"
  digest = "1:957b15d94d4771a424b6ccb959214fe8caafb7d791d0f588ac572b7cdc894457"
  name = "github.com/knq/snaker"
  packages = ["."]
  pruneopts = "UT"
  revision = "2bc8a4db468777180ca38d551094b83073bed25f"

[[projects]]
  branch = "master"
  digest = "1:8cb15b21828b36ad568850d0ecb9340e22b148c8c6755f4a3d7918021bfc38a2"
  name = "github.com/knq/sysutil"
  packages = ["."]
  pruneopts = "UT"
  revision = "f05b59f0f3075ba1bc5701ef0df4393a05ebd0e7"

[[projects]]
  branch = "master"
  digest = "1:aa3d8d42865c42626b5c1add193692d045b3188b1479f0a0a88690d21fe20083"
  name = "github.com/mailru/easyjson"
  packages = [
    ".",
    "buffer",
    "jlexer",
    "jwriter",
  ]
  pruneopts = "UT"
  revision = "60711f1a8329503b04e1c88535f419d0bb440bff"

[[projects]]
  digest = "1:be88a46cd36136d9a0fbe8f42dffc269a62544e3a12ff3b047b4704f9b349b42"
  name = "github.com/mozillazg/go-unidecode"
  packages = [
    ".",
    "table",
  ]
  pruneopts = "UT"
  revision = "7ab3c72180eeb79ccb8746137e14d6b0a60dd685"
  version = "v0.1.0"

[[projects]]
  branch = "master"
  digest = "1:06dbb3dd9104b854479546944f509a15abbfa0664bd4acbb428a10f53f3acb9b"
  name = "github.com/olebedev/emitter"
  packages = ["."]
  pruneopts = "UT"
  revision = "e8d1457e6aee6368f6abda5ad334fde63e9cc3fa"

[[projects]]
  branch = "master"
  digest = "1:7439e1e9a33b9d7d3eb7048fe50851a47186fd82d0fc6c481f749fb2c9901f61"
  name = "github.com/skip2/go-qrcode"
  packages = [
    ".",
    "bitset",
    "reedsolomon",
  ]
  pruneopts = "UT"
  revision = "dc11ecdae0a9889dc81a343585516404e8dc6ead"

[[projects]]
  branch = "master"
  digest = "1:8e4024a39f73657fda08fc46908003698955a5f1fdeba7ceb6801070720de922"
  name = "golang.org/x/crypto"
  packages = ["hkdf"]
  pruneopts = "UT"
  revision = "ff983b9c42bc9fbf91556e191cc8efb585c16908"

[[projects]]
  branch = "master"
  digest = "1:acadbbf02e5c744709c60ac929e63258a69a3404ab36ed0c1a245cc28f056220"
  name = "golang.org/x/image"
  packages = [
    "bmp",
    "tiff",
    "tiff/lzw",
  ]
  pruneopts = "UT"
  revision = "183bebdce1b249c42a7cf6772817e8c2e873b966"

[[projects]]
  branch = "master"
  digest = "1:76ee51c3f468493aff39dbacc401e8831fbb765104cbf613b89bef01cf4bad70"
  name = "golang.org/x/net"
  packages = ["context"]
  pruneopts = "UT"
  revision = "ed066c81e75eba56dd9bd2139ade88125b855585"

[[projects]]
  digest = "1:1b9d6106326573c0212b29c1796f128271278474ed629055645ace928faaea67"
  name = "gopkg.in/h2non/filetype.v1"
  packages = [
    "matchers",
    "types",
  ]
  pruneopts = "UT"
  revision = "cc14fdc9ca0e4c2bafad7458f6ff79fd3947cfbb"
  version = "v1.0.5"

[[projects]]
  branch = "v2"
  digest = "1:32f46a08154545fdce0a2244c9bbe1b817ec2ce4a900a61ca1c21e90edb55875"
  name = "gopkg.in/sorcix/irc.v2"
  packages = [
    ".",
    "ctcp",
    "internal",
  ]
  pruneopts = "UT"
  revision = "63eed78b082d43eae927969351464e98b6dc7eb9"

[[projects]]
  branch = "v2"
  digest = "1:5bb148b78468350091db2ffbb2370f35cc6dcd74d9378a31b1c7b86ff7528f08"
  name = "gopkg.in/tomb.v2"
  packages = ["."]
  pruneopts = "UT"
  revision = "d5d1b5820637886def9eef33e03a27a9f166942c"

[solve-meta]
  analyzer-name = "dep"
  analyzer-version = 1
  input-imports = [
    "github.com/chromedp/cdproto/runtime",
    "github.com/chromedp/chromedp",
    "github.com/chromedp/chromedp/runner",
    "github.com/h2non/filetype",
    "github.com/mozillazg/go-unidecode",
    "github.com/olebedev/emitter",
    "github.com/skip2/go-qrcode",
    "golang.org/x/crypto/hkdf",
    "gopkg.in/sorcix/irc.v2",
    "gopkg.in/sorcix/irc.v2/ctcp",
    "gopkg.in/tomb.v2",
  ]
  solver-name = "gps-cdcl"
  solver-version = 1
