# This file is autogenerated, do not edit; changes may be undone by the next 'dep ensure'.


[[projects]]
  name = "github.com/h2non/filetype"
  packages = ["."]
  revision = "cc14fdc9ca0e4c2bafad7458f6ff79fd3947cfbb"
  version = "v1.0.5"

[[projects]]
  branch = "master"
  name = "github.com/mitchellh/mapstructure"
  packages = ["."]
  revision = "00c29f56e2386353d58c599509e8dc3801b0d716"

[[projects]]
  branch = "master"
  name = "github.com/skip2/go-qrcode"
  packages = [
    ".",
    "bitset",
    "reedsolomon"
  ]
  revision = "cf5f9fa2f0d847edb8e038db7ed975e239095e1a"

[[projects]]
  name = "gopkg.in/h2non/filetype.v1"
  packages = [
    "matchers",
    "types"
  ]
  revision = "cc14fdc9ca0e4c2bafad7458f6ff79fd3947cfbb"
  version = "v1.0.5"

[[projects]]
  branch = "v2"
  name = "gopkg.in/sorcix/irc.v2"
  packages = [
    ".",
    "internal"
  ]
  revision = "1b25be7f891d1bd0190ac0ef159da153c9ffa22a"

[solve-meta]
  analyzer-name = "dep"
  analyzer-version = 1
  inputs-digest = "86a3c4d3f604e6705f5b9351121cf5f8891721cf5207d41e02368225fd47ac93"
  solver-name = "gps-cdcl"
  solver-version = 1
